
Microsoft Visual Studio Solution File, Format Version 12.00
# Visual Studio Version 16
VisualStudioVersion = 16.0.31727.386
MinimumVisualStudioVersion = 10.0.40219.1
Project("{8BC9CEB8-8B4A-11D0-8D11-00A0C91BC942}") = "day05", "day05\day05.vcxproj", "{98C232E5-08A4-4EB9-B583-63D181ECBD23}"
EndProject
Global
	GlobalSection(SolutionConfigurationPlatforms) = preSolution
		Debug|x64 = Debug|x64
		Debug|x86 = Debug|x86
		Release|x64 = Release|x64
		Release|x86 = Release|x86
	EndGlobalSection
	GlobalSection(ProjectConfigurationPlatforms) = postSolution
		{98C232E5-08A4-4EB9-B583-63D181ECBD23}.Debug|x64.ActiveCfg = Debug|x64
		{98C232E5-08A4-4EB9-B583-63D181ECBD23}.Debug|x64.Build.0 = Debug|x64
		{98C232E5-08A4-4EB9-B583-63D181ECBD23}.Debug|x86.ActiveCfg = Debug|Win32
		{98C232E5-08A4-4EB9-B583-63D181ECBD23}.Debug|x86.Build.0 = Debug|Win32
		{98C232E5-08A4-4EB9-B583-63D181ECBD23}.Release|x64.ActiveCfg = Release|x64
		{98C232E5-08A4-4EB9-B583-63D181ECBD23}.Release|x64.Build.0 = Release|x64
		{98C232E5-08A4-4EB9-B583-63D181ECBD23}.Release|x86.ActiveCfg = Release|Win32
		{98C232E5-08A4-4EB9-B583-63D181ECBD23}.Release|x86.Build.0 = Release|Win32
	EndGlobalSection
	GlobalSection(SolutionProperties) = preSolution
		HideSolutionNode = FALSE
	EndGlobalSection
	GlobalSection(ExtensibilityGlobals) = postSolution
		SolutionGuid = {3271B2C7-B341-4ED1-9F14-B516C4586DB4}
	EndGlobalSection
EndGlobal
